
Microsoft Visual Studio Solution File, Format Version 12.00
# Visual Studio Version 17
VisualStudioVersion = 17.9.34902.65
MinimumVisualStudioVersion = 10.0.40219.1
Project("{9A19103F-16F7-4668-BE54-9A1E7A4F7556}") = "SolicitSubscriptionEncryptionTool", "SolicitSubscriptionEncryptionTool.csproj", "{0AD98B45-89BA-474E-9547-33465C574E4A}"
EndProject
Project("{9A19103F-16F7-4668-BE54-9A1E7A4F7556}") = "SolicitSubscriptionEncryptionTool.Desktop", "..\SolicitSubscriptionEncryptionTool.Desktop\SolicitSubscriptionEncryptionTool.Desktop.csproj", "{2742ECC0-81C6-483C-A557-605E874FFA29}"
EndProject
Global
	GlobalSection(SolutionConfigurationPlatforms) = preSolution
		Debug|Any CPU = Debug|Any CPU
		Release|Any CPU = Release|Any CPU
	EndGlobalSection
	GlobalSection(ProjectConfigurationPlatforms) = postSolution
		{0AD98B45-89BA-474E-9547-33465C574E4A}.Debug|Any CPU.ActiveCfg = Debug|Any CPU
		{0AD98B45-89BA-474E-9547-33465C574E4A}.Debug|Any CPU.Build.0 = Debug|Any CPU
		{0AD98B45-89BA-474E-9547-33465C574E4A}.Release|Any CPU.ActiveCfg = Release|Any CPU
		{0AD98B45-89BA-474E-9547-33465C574E4A}.Release|Any CPU.Build.0 = Release|Any CPU
		{2742ECC0-81C6-483C-A557-605E874FFA29}.Debug|Any CPU.ActiveCfg = Debug|Any CPU
		{2742ECC0-81C6-483C-A557-605E874FFA29}.Debug|Any CPU.Build.0 = Debug|Any CPU
		{2742ECC0-81C6-483C-A557-605E874FFA29}.Release|Any CPU.ActiveCfg = Release|Any CPU
		{2742ECC0-81C6-483C-A557-605E874FFA29}.Release|Any CPU.Build.0 = Release|Any CPU
	EndGlobalSection
	GlobalSection(SolutionProperties) = preSolution
		HideSolutionNode = FALSE
	EndGlobalSection
	GlobalSection(ExtensibilityGlobals) = postSolution
		SolutionGuid = {89603981-26F1-456C-86D1-FD2408BA2484}
	EndGlobalSection
EndGlobal
