
Microsoft Visual Studio Solution File, Format Version 12.00
# Visual Studio Version 17
VisualStudioVersion = 17.14.36401.2 d17.14
MinimumVisualStudioVersion = 10.0.40219.1
Project("{FAE04EC0-301F-11D3-BF4B-00C04F79EFBC}") = "ExceptionHandlesDemo", "ExceptionHandlesDemo\ExceptionHandlesDemo.csproj", "{F91F7474-E87A-4A6C-9A6D-24EC8687EFA1}"
EndProject
Global
	GlobalSection(SolutionConfigurationPlatforms) = preSolution
		Debug|Any CPU = Debug|Any CPU
		Release|Any CPU = Release|Any CPU
	EndGlobalSection
	GlobalSection(ProjectConfigurationPlatforms) = postSolution
		{F91F7474-E87A-4A6C-9A6D-24EC8687EFA1}.Debug|Any CPU.ActiveCfg = Debug|Any CPU
		{F91F7474-E87A-4A6C-9A6D-24EC8687EFA1}.Debug|Any CPU.Build.0 = Debug|Any CPU
		{F91F7474-E87A-4A6C-9A6D-24EC8687EFA1}.Release|Any CPU.ActiveCfg = Release|Any CPU
		{F91F7474-E87A-4A6C-9A6D-24EC8687EFA1}.Release|Any CPU.Build.0 = Release|Any CPU
	EndGlobalSection
	GlobalSection(SolutionProperties) = preSolution
		HideSolutionNode = FALSE
	EndGlobalSection
	GlobalSection(ExtensibilityGlobals) = postSolution
		SolutionGuid = {B6737809-9ADD-4548-B54B-C22F2D236007}
	EndGlobalSection
EndGlobal
